
Microsoft Visual Studio Solution File, Format Version 12.00
# Visual Studio Version 16
VisualStudioVersion = 16.0.32901.82
MinimumVisualStudioVersion = 10.0.40219.1
Project("{FAE04EC0-301F-11D3-BF4B-00C04F79EFBC}") = "Tetris", "Tetris.csproj", "{235DF51F-5FDE-46F2-A999-619E5A45AAAD}"
EndProject
Global
	GlobalSection(SolutionConfigurationPlatforms) = preSolution
		Debug|Any CPU = Debug|Any CPU
		Release|Any CPU = Release|Any CPU
	EndGlobalSection
	GlobalSection(ProjectConfigurationPlatforms) = postSolution
		{235DF51F-5FDE-46F2-A999-619E5A45AAAD}.Debug|Any CPU.ActiveCfg = Debug|Any CPU
		{235DF51F-5FDE-46F2-A999-619E5A45AAAD}.Debug|Any CPU.Build.0 = Debug|Any CPU
		{235DF51F-5FDE-46F2-A999-619E5A45AAAD}.Release|Any CPU.ActiveCfg = Release|Any CPU
		{235DF51F-5FDE-46F2-A999-619E5A45AAAD}.Release|Any CPU.Build.0 = Release|Any CPU
	EndGlobalSection
	GlobalSection(SolutionProperties) = preSolution
		HideSolutionNode = FALSE
	EndGlobalSection
	GlobalSection(ExtensibilityGlobals) = postSolution
		SolutionGuid = {E2DECBAA-DCFA-434E-A815-DA9150C3E584}
	EndGlobalSection
EndGlobal
